// !$*UTF8*$!
{
	archiveVersion = 1;
	classes = {
	};
	objectVersion = 46;
	objects = {

/* Begin PBXBuildFile section */
		9481BCC51F295660003EAF9B /* AppDelegate.swift in Sources */ = {isa = PBXBuildFile; fileRef = 9481BCC41F295660003EAF9B /* AppDelegate.swift */; };
		9481BCCC1F295660003EAF9B /* Main.storyboard in Resources */ = {isa = PBXBuildFile; fileRef = 9481BCCA1F295660003EAF9B /* Main.storyboard */; };
		9481BCCE1F295660003EAF9B /* Assets.xcassets in Resources */ = {isa = PBXBuildFile; fileRef = 9481BCCD1F295660003EAF9B /* Assets.xcassets */; };
		9481BCD11F295660003EAF9B /* LaunchScreen.storyboard in Resources */ = {isa = PBXBuildFile; fileRef = 9481BCCF1F295660003EAF9B /* LaunchScreen.storyboard */; };
		9481BCD91F295715003EAF9B /* qViewController.swift in Sources */ = {isa = PBXBuildFile; fileRef = 9481BCD81F295715003EAF9B /* qViewController.swift */; };
		9481BCDB1F29575C003EAF9B /* wViewController.swift in Sources */ = {isa = PBXBuildFile; fileRef = 9481BCDA1F29575C003EAF9B /* wViewController.swift */; };
/* End PBXBuildFile section */

/* Begin PBXFileReference section */
		9481BCC11F295660003EAF9B /* WaterApp.app */ = {isa = PBXFileReference; explicitFileType = wrapper.application; includeInIndex = 0; path = WaterApp.app; sourceTree = BUILT_PRODUCTS_DIR; };
		9481BCC41F295660003EAF9B /* AppDelegate.swift */ = {isa = PBXFileReference; lastKnownFileType = sourcecode.swift; path = AppDelegate.swift; sourceTree = "<group>"; };
		9481BCCB1F295660003EAF9B /* Base */ = {isa = PBXFileReference; lastKnownFileType = file.storyboard; name = Base; path = Base.lproj/Main.storyboard; sourceTree = "<group>"; };
		9481BCCD1F295660003EAF9B /* Assets.xcassets */ = {isa = PBXFileReference; lastKnownFileType = folder.assetcatalog; path = Assets.xcassets; sourceTree = "<group>"; };
		9481BCD01F295660003EAF9B /* Base */ = {isa = PBXFileReference; lastKnownFileType = file.storyboard; name = Base; path = Base.lproj/LaunchScreen.storyboard; sourceTree = "<group>"; };
		9481BCD21F295660003EAF9B /* Info.plist */ = {isa = PBXFileReference; lastKnownFileType = text.plist.xml; path = Info.plist; sourceTree = "<group>"; };
		9481BCD81F295715003EAF9B /* qViewController.swift */ = {isa = PBXFileReference; fileEncoding = 4; lastKnownFileType = sourcecode.swift; path = qViewController.swift; sourceTree = "<group>"; };
		9481BCDA1F29575C003EAF9B /* wViewController.swift */ = {isa = PBXFileReference; fileEncoding = 4; lastKnownFileType = sourcecode.swift; path = wViewController.swift; sourceTree = "<group>"; };
/* End PBXFileReference section */

/* Begin PBXFrameworksBuildPhase section */
		9481BCBE1F295660003EAF9B /* Frameworks */ = {
			isa = PBXFrameworksBuildPhase;
			buildActionMask = 2147483647;
			files = (
			);
			runOnlyForDeploymentPostprocessing = 0;
		};
/* End PBXFrameworksBuildPhase section */

/* Begin PBXGroup section */
		9481BCB81F295660003EAF9B = {
			isa = PBXGroup;
			children = (
				9481BCC31F295660003EAF9B /* WaterApp */,
				9481BCC21F295660003EAF9B /* Products */,
			);
			sourceTree = "<group>";
		};
		9481BCC21F295660003EAF9B /* Products */ = {
			isa = PBXGroup;
			children = (
				9481BCC11F295660003EAF9B /* WaterApp.app */,
			);
			name = Products;
			sourceTree = "<group>";
		};
		9481BCC31F295660003EAF9B /* WaterApp */ = {
			isa = PBXGroup;
			children = (
				9481BCC41F295660003EAF9B /* AppDelegate.swift */,
				9481BCCA1F295660003EAF9B /* Main.storyboard */,
				9481BCD81F295715003EAF9B /* qViewController.swift */,
				9481BCDA1F29575C003EAF9B /* wViewController.swift */,
				9481BCCD1F295660003EAF9B /* Assets.xcassets */,
				9481BCCF1F295660003EAF9B /* LaunchScreen.storyboard */,
				9481BCD21F295660003EAF9B /* Info.plist */,
			);
			path = WaterApp;
			sourceTree = "<group>";
		};
/* End PBXGroup section */

/* Begin PBXNativeTarget section */
		9481BCC01F295660003EAF9B /* WaterApp */ = {
			isa = PBXNativeTarget;
			buildConfigurationList = 9481BCD51F295660003EAF9B /* Build configuration list for PBXNativeTarget "WaterApp" */;
			buildPhases = (
				9481BCBD1F295660003EAF9B /* Sources */,
				9481BCBE1F295660003EAF9B /* Frameworks */,
				9481BCBF1F295660003EAF9B /* Resources */,
			);
			buildRules = (
			);
			dependencies = (
			);
			name = WaterApp;
			productName = WaterApp;
			productReference = 9481BCC11F295660003EAF9B /* WaterApp.app */;
			productType = "com.apple.product-type.application";
		};
/* End PBXNativeTarget section */

/* Begin PBXProject section */
		9481BCB91F295660003EAF9B /* Project object */ = {
			isa = PBXProject;
			attributes = {
				LastSwiftUpdateCheck = 0830;
				LastUpgradeCheck = 0830;
				ORGANIZATIONNAME = "iD Student";
				TargetAttributes = {
					9481BCC01F295660003EAF9B = {
						CreatedOnToolsVersion = 8.3.1;
						DevelopmentTeam = D84WYMTRST;
						ProvisioningStyle = Automatic;
					};
				};
			};
			buildConfigurationList = 9481BCBC1F295660003EAF9B /* Build configuration list for PBXProject "WaterApp" */;
			compatibilityVersion = "Xcode 3.2";
			developmentRegion = English;
			hasScannedForEncodings = 0;
			knownRegions = (
				en,
				Base,
			);
			mainGroup = 9481BCB81F295660003EAF9B;
			productRefGroup = 9481BCC21F295660003EAF9B /* Products */;
			projectDirPath = "";
			projectRoot = "";
			targets = (
				9481BCC01F295660003EAF9B /* WaterApp */,
			);
		};
/* End PBXProject section */

/* Begin PBXResourcesBuildPhase section */
		9481BCBF1F295660003EAF9B /* Resources */ = {
			isa = PBXResourcesBuildPhase;
			buildActionMask = 2147483647;
			files = (
				9481BCD11F295660003EAF9B /* LaunchScreen.storyboard in Resources */,
				9481BCCE1F295660003EAF9B /* Assets.xcassets in Resources */,
				9481BCCC1F295660003EAF9B /* Main.storyboard in Resources */,
			);
			runOnlyForDeploymentPostprocessing = 0;
		};
/* End PBXResourcesBuildPhase section */

/* Begin PBXSourcesBuildPhase section */
		9481BCBD1F295660003EAF9B /* Sources */ = {
			isa = PBXSourcesBuildPhase;
			buildActionMask = 2147483647;
			files = (
				9481BCDB1F29575C003EAF9B /* wViewController.swift in Sources */,
				9481BCD91F295715003EAF9B /* qViewController.swift in Sources */,
				9481BCC51F295660003EAF9B /* AppDelegate.swift in Sources */,
			);
			runOnlyForDeploymentPostprocessing = 0;
		};
/* End PBXSourcesBuildPhase section */

/* Begin PBXVariantGroup section */
		9481BCCA1F295660003EAF9B /* Main.storyboard */ = {
			isa = PBXVariantGroup;
			children = (
				9481BCCB1F295660003EAF9B /* Base */,
			);
			name = Main.storyboard;
			sourceTree = "<group>";
		};
		9481BCCF1F295660003EAF9B /* LaunchScreen.storyboard */ = {
			isa = PBXVariantGroup;
			children = (
				9481BCD01F295660003EAF9B /* Base */,
			);
			name = LaunchScreen.storyboard;
			sourceTree = "<group>";
		};
/* End PBXVariantGroup section */

/* Begin XCBuildConfiguration section */
		9481BCD31F295660003EAF9B /* Debug */ = {
			isa = XCBuildConfiguration;
			buildSettings = {
				ALWAYS_SEARCH_USER_PATHS = NO;
				CLANG_ANALYZER_NONNULL = YES;
				CLANG_ANALYZER_NUMBER_OBJECT_CONVERSION = YES_AGGRESSIVE;
				CLANG_CXX_LANGUAGE_STANDARD = "gnu++0x";
				CLANG_CXX_LIBRARY = "libc++";
				CLANG_ENABLE_MODULES = YES;
				CLANG_ENABLE_OBJC_ARC = YES;
				CLANG_WARN_BOOL_CONVERSION = YES;
				CLANG_WARN_CONSTANT_CONVERSION = YES;
				CLANG_WARN_DIRECT_OBJC_ISA_USAGE = YES_ERROR;
				CLANG_WARN_DOCUMENTATION_COMMENTS = YES;
				CLANG_WARN_EMPTY_BODY = YES;
				CLANG_WARN_ENUM_CONVERSION = YES;
				CLANG_WARN_INFINITE_RECURSION = YES;
				CLANG_WARN_INT_CONVERSION = YES;
				CLANG_WARN_OBJC_ROOT_CLASS = YES_ERROR;
				CLANG_WARN_SUSPICIOUS_MOVE = YES;
				CLANG_WARN_UNREACHABLE_CODE = YES;
				CLANG_WARN__DUPLICATE_METHOD_MATCH = YES;
				"CODE_SIGN_IDENTITY[sdk=iphoneos*]" = "iPhone Developer";
				COPY_PHASE_STRIP = NO;
				DEBUG_INFORMATION_FORMAT = dwarf;
				ENABLE_STRICT_OBJC_MSGSEND = YES;
				ENABLE_TESTABILITY = YES;
				GCC_C_LANGUAGE_STANDARD = gnu99;
				GCC_DYNAMIC_NO_PIC = NO;
				GCC_NO_COMMON_BLOCKS = YES;
				GCC_OPTIMIZATION_LEVEL = 0;
				GCC_PREPROCESSOR_DEFINITIONS = (
					"DEBUG=1",
					"$(inherited)",
				);
				GCC_WARN_64_TO_32_BIT_CONVERSION = YES;
				GCC_WARN_ABOUT_RETURN_TYPE = YES_ERROR;
				GCC_WARN_UNDECLARED_SELECTOR = YES;
				GCC_WARN_UNINITIALIZED_AUTOS = YES_AGGRESSIVE;
				GCC_WARN_UNUSED_FUNCTION = YES;
				GCC_WARN_UNUSED_VARIABLE = YES;
				IPHONEOS_DEPLOYMENT_TARGET = 10.3;
				MTL_ENABLE_DEBUG_INFO = YES;
				ONLY_ACTIVE_ARCH = YES;
				SDKROOT = iphoneos;
				SWIFT_ACTIVE_COMPILATION_CONDITIONS = DEBUG;
				SWIFT_OPTIMIZATION_LEVEL = "-Onone";
				TARGETED_DEVICE_FAMILY = "1,2";
			};
			name = Debug;
		};
		9481BCD41F295660003EAF9B /* Release */ = {
			isa = XCBuildConfiguration;
			buildSettings = {
				ALWAYS_SEARCH_USER_PATHS = NO;
				CLANG_ANALYZER_NONNULL = YES;
				CLANG_ANALYZER_NUMBER_OBJECT_CONVERSION = YES_AGGRESSIVE;
				CLANG_CXX_LANGUAGE_STANDARD = "gnu++0x";
				CLANG_CXX_LIBRARY = "libc++";
				CLANG_ENABLE_MODULES = YES;
				CLANG_ENABLE_OBJC_ARC = YES;
				CLANG_WARN_BOOL_CONVERSION = YES;
				CLANG_WARN_CONSTANT_CONVERSION = YES;
				CLANG_WARN_DIRECT_OBJC_ISA_USAGE = YES_ERROR;
				CLANG_WARN_DOCUMENTATION_COMMENTS = YES;
				CLANG_WARN_EMPTY_BODY = YES;
				CLANG_WARN_ENUM_CONVERSION = YES;
				CLANG_WARN_INFINITE_RECURSION = YES;
				CLANG_WARN_INT_CONVERSION = YES;
				CLANG_WARN_OBJC_ROOT_CLASS = YES_ERROR;
				CLANG_WARN_SUSPICIOUS_MOVE = YES;
				CLANG_WARN_UNREACHABLE_CODE = YES;
				CLANG_WARN__DUPLICATE_METHOD_MATCH = YES;
				"CODE_SIGN_IDENTITY[sdk=iphoneos*]" = "iPhone Developer";
				COPY_PHASE_STRIP = NO;
				DEBUG_INFORMATION_FORMAT = "dwarf-with-dsym";
				ENABLE_NS_ASSERTIONS = NO;
				ENABLE_STRICT_OBJC_MSGSEND = YES;
				GCC_C_LANGUAGE_STANDARD = gnu99;
				GCC_NO_COMMON_BLOCKS = YES;
				GCC_WARN_64_TO_32_BIT_CONVERSION = YES;
				GCC_WARN_ABOUT_RETURN_TYPE = YES_ERROR;
				GCC_WARN_UNDECLARED_SELECTOR = YES;
				GCC_WARN_UNINITIALIZED_AUTOS = YES_AGGRESSIVE;
				GCC_WARN_UNUSED_FUNCTION = YES;
				GCC_WARN_UNUSED_VARIABLE = YES;
				IPHONEOS_DEPLOYMENT_TARGET = 10.3;
				MTL_ENABLE_DEBUG_INFO = NO;
				SDKROOT = iphoneos;
				SWIFT_OPTIMIZATION_LEVEL = "-Owholemodule";
				TARGETED_DEVICE_FAMILY = "1,2";
				VALIDATE_PRODUCT = YES;
			};
			name = Release;
		};
		9481BCD61F295660003EAF9B /* Debug */ = {
			isa = XCBuildConfiguration;
			buildSettings = {
				ASSETCATALOG_COMPILER_APPICON_NAME = AppIcon;
				DEVELOPMENT_TEAM = D84WYMTRST;
				INFOPLIST_FILE = WaterApp/Info.plist;
				LD_RUNPATH_SEARCH_PATHS = "$(inherited) @executable_path/Frameworks";
				PRODUCT_BUNDLE_IDENTIFIER = iOS.WaterApp;
				PRODUCT_NAME = "$(TARGET_NAME)";
				SWIFT_VERSION = 3.0;
			};
			name = Debug;
		};
		9481BCD71F295660003EAF9B /* Release */ = {
			isa = XCBuildConfiguration;
			buildSettings = {
				ASSETCATALOG_COMPILER_APPICON_NAME = AppIcon;
				DEVELOPMENT_TEAM = D84WYMTRST;
				INFOPLIST_FILE = WaterApp/Info.plist;
				LD_RUNPATH_SEARCH_PATHS = "$(inherited) @executable_path/Frameworks";
				PRODUCT_BUNDLE_IDENTIFIER = iOS.WaterApp;
				PRODUCT_NAME = "$(TARGET_NAME)";
				SWIFT_VERSION = 3.0;
			};
			name = Release;
		};
/* End XCBuildConfiguration section */

/* Begin XCConfigurationList section */
		9481BCBC1F295660003EAF9B /* Build configuration list for PBXProject "WaterApp" */ = {
			isa = XCConfigurationList;
			buildConfigurations = (
				9481BCD31F295660003EAF9B /* Debug */,
				9481BCD41F295660003EAF9B /* Release */,
			);
			defaultConfigurationIsVisible = 0;
			defaultConfigurationName = Release;
		};
		9481BCD51F295660003EAF9B /* Build configuration list for PBXNativeTarget "WaterApp" */ = {
			isa = XCConfigurationList;
			buildConfigurations = (
				9481BCD61F295660003EAF9B /* Debug */,
				9481BCD71F295660003EAF9B /* Release */,
			);
			defaultConfigurationIsVisible = 0;
		};
/* End XCConfigurationList section */
	};
	rootObject = 9481BCB91F295660003EAF9B /* Project object */;
}
